// !$*UTF8*$!
{
	archiveVersion = 1;
	classes = {
	};
	objectVersion = 46;
	objects = {

/* Begin PBXBuildFile section */
		5F9EE9331CB376B000D1A925 /* PhrasesCell.swift in Sources */ = {isa = PBXBuildFile; fileRef = 5F9EE9321CB376B000D1A925 /* PhrasesCell.swift */; };
		5F9EE9361CB3782F00D1A925 /* PhrasesViewController.swift in Sources */ = {isa = PBXBuildFile; fileRef = 5F9EE9351CB3782F00D1A925 /* PhrasesViewController.swift */; };
		5F9EE9391CB37A8200D1A925 /* Phrases.swift in Sources */ = {isa = PBXBuildFile; fileRef = 5F9EE9381CB37A8200D1A925 /* Phrases.swift */; };
		5FBB236E1CADD3DB00F59715 /* AppDelegate.swift in Sources */ = {isa = PBXBuildFile; fileRef = 5FBB236D1CADD3DB00F59715 /* AppDelegate.swift */; };
		5FBB23701CADD3DB00F59715 /* ViewController.swift in Sources */ = {isa = PBXBuildFile; fileRef = 5FBB236F1CADD3DB00F59715 /* ViewController.swift */; };
		5FBB23761CADD3DB00F59715 /* EMILYlingo.xcdatamodeld in Sources */ = {isa = PBXBuildFile; fileRef = 5FBB23741CADD3DB00F59715 /* EMILYlingo.xcdatamodeld */; };
		5FBB23781CADD3DB00F59715 /* Assets.xcassets in Resources */ = {isa = PBXBuildFile; fileRef = 5FBB23771CADD3DB00F59715 /* Assets.xcassets */; };
		5FBB237B1CADD3DC00F59715 /* LaunchScreen.storyboard in Resources */ = {isa = PBXBuildFile; fileRef = 5FBB23791CADD3DC00F59715 /* LaunchScreen.storyboard */; };
		5FBB23861CADD3DC00F59715 /* EMILYlingoTests.swift in Sources */ = {isa = PBXBuildFile; fileRef = 5FBB23851CADD3DC00F59715 /* EMILYlingoTests.swift */; };
		5FBB23911CADD3DC00F59715 /* EMILYlingoUITests.swift in Sources */ = {isa = PBXBuildFile; fileRef = 5FBB23901CADD3DC00F59715 /* EMILYlingoUITests.swift */; };
		E6C2A2C31CB0934900E3C142 /* RecordingOn.png in Resources */ = {isa = PBXBuildFile; fileRef = E6C2A2C11CB0934900E3C142 /* RecordingOn.png */; };
		E6C2A2C41CB0934900E3C142 /* RecordOff.png in Resources */ = {isa = PBXBuildFile; fileRef = E6C2A2C21CB0934900E3C142 /* RecordOff.png */; };
		EE2FA05B1CBEE18B00710594 /* LeftViewController.swift in Sources */ = {isa = PBXBuildFile; fileRef = EE2FA05A1CBEE18B00710594 /* LeftViewController.swift */; };
		EE2FA0611CBEF22300710594 /* StringExtension.swift in Sources */ = {isa = PBXBuildFile; fileRef = EE2FA05E1CBEF22300710594 /* StringExtension.swift */; };
		EE2FA0621CBEF22300710594 /* UITableViewExtension.swift in Sources */ = {isa = PBXBuildFile; fileRef = EE2FA05F1CBEF22300710594 /* UITableViewExtension.swift */; };
		EE2FA0631CBEF22300710594 /* UIViewControllerExtension.swift in Sources */ = {isa = PBXBuildFile; fileRef = EE2FA0601CBEF22300710594 /* UIViewControllerExtension.swift */; };
		EEF8E0011CB6FA3C0091317B /* Main.storyboard in Resources */ = {isa = PBXBuildFile; fileRef = EEF8DFFF1CB6FA3C0091317B /* Main.storyboard */; };
		FD1489B717F4A769A962D10C /* Pods_EMILYlingo.framework in Frameworks */ = {isa = PBXBuildFile; fileRef = 1876B29EC9C27F86E3CF2BD2 /* Pods_EMILYlingo.framework */; };
/* End PBXBuildFile section */

/* Begin PBXContainerItemProxy section */
		5FBB23821CADD3DC00F59715 /* PBXContainerItemProxy */ = {
			isa = PBXContainerItemProxy;
			containerPortal = 5FBB23621CADD3DB00F59715 /* Project object */;
			proxyType = 1;
			remoteGlobalIDString = 5FBB23691CADD3DB00F59715;
			remoteInfo = EMILYlingo;
		};
		5FBB238D1CADD3DC00F59715 /* PBXContainerItemProxy */ = {
			isa = PBXContainerItemProxy;
			containerPortal = 5FBB23621CADD3DB00F59715 /* Project object */;
			proxyType = 1;
			remoteGlobalIDString = 5FBB23691CADD3DB00F59715;
			remoteInfo = EMILYlingo;
		};
/* End PBXContainerItemProxy section */

/* Begin PBXFileReference section */
		101333F1ADA8B41DA1DFD9C3 /* Pods-EMILYlingo.debug.xcconfig */ = {isa = PBXFileReference; includeInIndex = 1; lastKnownFileType = text.xcconfig; name = "Pods-EMILYlingo.debug.xcconfig"; path = "Pods/Target Support Files/Pods-EMILYlingo/Pods-EMILYlingo.debug.xcconfig"; sourceTree = "<group>"; };
		1876B29EC9C27F86E3CF2BD2 /* Pods_EMILYlingo.framework */ = {isa = PBXFileReference; explicitFileType = wrapper.framework; includeInIndex = 0; path = Pods_EMILYlingo.framework; sourceTree = BUILT_PRODUCTS_DIR; };
		5F9EE9321CB376B000D1A925 /* PhrasesCell.swift */ = {isa = PBXFileReference; fileEncoding = 4; lastKnownFileType = sourcecode.swift; path = PhrasesCell.swift; sourceTree = "<group>"; };
		5F9EE9351CB3782F00D1A925 /* PhrasesViewController.swift */ = {isa = PBXFileReference; fileEncoding = 4; lastKnownFileType = sourcecode.swift; path = PhrasesViewController.swift; sourceTree = "<group>"; };
		5F9EE9381CB37A8200D1A925 /* Phrases.swift */ = {isa = PBXFileReference; fileEncoding = 4; lastKnownFileType = sourcecode.swift; path = Phrases.swift; sourceTree = "<group>"; };
		5FBB236A1CADD3DB00F59715 /* EMILYlingo.app */ = {isa = PBXFileReference; explicitFileType = wrapper.application; includeInIndex = 0; path = EMILYlingo.app; sourceTree = BUILT_PRODUCTS_DIR; };
		5FBB236D1CADD3DB00F59715 /* AppDelegate.swift */ = {isa = PBXFileReference; lastKnownFileType = sourcecode.swift; path = AppDelegate.swift; sourceTree = "<group>"; };
		5FBB236F1CADD3DB00F59715 /* ViewController.swift */ = {isa = PBXFileReference; lastKnownFileType = sourcecode.swift; path = ViewController.swift; sourceTree = "<group>"; };
		5FBB23751CADD3DB00F59715 /* EMILYlingo.xcdatamodel */ = {isa = PBXFileReference; lastKnownFileType = wrapper.xcdatamodel; path = EMILYlingo.xcdatamodel; sourceTree = "<group>"; };
		5FBB23771CADD3DB00F59715 /* Assets.xcassets */ = {isa = PBXFileReference; lastKnownFileType = folder.assetcatalog; path = Assets.xcassets; sourceTree = "<group>"; };
		5FBB237A1CADD3DC00F59715 /* Base */ = {isa = PBXFileReference; lastKnownFileType = file.storyboard; name = Base; path = Base.lproj/LaunchScreen.storyboard; sourceTree = "<group>"; };
		5FBB237C1CADD3DC00F59715 /* Info.plist */ = {isa = PBXFileReference; lastKnownFileType = text.plist.xml; path = Info.plist; sourceTree = "<group>"; };
		5FBB23811CADD3DC00F59715 /* EMILYlingoTests.xctest */ = {isa = PBXFileReference; explicitFileType = wrapper.cfbundle; includeInIndex = 0; path = EMILYlingoTests.xctest; sourceTree = BUILT_PRODUCTS_DIR; };
		5FBB23851CADD3DC00F59715 /* EMILYlingoTests.swift */ = {isa = PBXFileReference; lastKnownFileType = sourcecode.swift; path = EMILYlingoTests.swift; sourceTree = "<group>"; };
		5FBB23871CADD3DC00F59715 /* Info.plist */ = {isa = PBXFileReference; lastKnownFileType = text.plist.xml; path = Info.plist; sourceTree = "<group>"; };
		5FBB238C1CADD3DC00F59715 /* EMILYlingoUITests.xctest */ = {isa = PBXFileReference; explicitFileType = wrapper.cfbundle; includeInIndex = 0; path = EMILYlingoUITests.xctest; sourceTree = BUILT_PRODUCTS_DIR; };
		5FBB23901CADD3DC00F59715 /* EMILYlingoUITests.swift */ = {isa = PBXFileReference; lastKnownFileType = sourcecode.swift; path = EMILYlingoUITests.swift; sourceTree = "<group>"; };
		5FBB23921CADD3DC00F59715 /* Info.plist */ = {isa = PBXFileReference; lastKnownFileType = text.plist.xml; path = Info.plist; sourceTree = "<group>"; };
		5FBB9A6A1CADDCA200673D84 /* EMILYlingo-Bridging-Header.h */ = {isa = PBXFileReference; fileEncoding = 4; lastKnownFileType = sourcecode.c.h; path = "EMILYlingo-Bridging-Header.h"; sourceTree = "<group>"; };
		AB3020E61C59B24E2A80E79E /* Pods-EMILYlingo.release.xcconfig */ = {isa = PBXFileReference; includeInIndex = 1; lastKnownFileType = text.xcconfig; name = "Pods-EMILYlingo.release.xcconfig"; path = "Pods/Target Support Files/Pods-EMILYlingo/Pods-EMILYlingo.release.xcconfig"; sourceTree = "<group>"; };
		E6C2A2C11CB0934900E3C142 /* RecordingOn.png */ = {isa = PBXFileReference; lastKnownFileType = image.png; path = RecordingOn.png; sourceTree = "<group>"; };
		E6C2A2C21CB0934900E3C142 /* RecordOff.png */ = {isa = PBXFileReference; lastKnownFileType = image.png; path = RecordOff.png; sourceTree = "<group>"; };
		EE2FA05A1CBEE18B00710594 /* LeftViewController.swift */ = {isa = PBXFileReference; fileEncoding = 4; lastKnownFileType = sourcecode.swift; path = LeftViewController.swift; sourceTree = "<group>"; };
		EE2FA05E1CBEF22300710594 /* StringExtension.swift */ = {isa = PBXFileReference; fileEncoding = 4; lastKnownFileType = sourcecode.swift; path = StringExtension.swift; sourceTree = "<group>"; };
		EE2FA05F1CBEF22300710594 /* UITableViewExtension.swift */ = {isa = PBXFileReference; fileEncoding = 4; lastKnownFileType = sourcecode.swift; path = UITableViewExtension.swift; sourceTree = "<group>"; };
		EE2FA0601CBEF22300710594 /* UIViewControllerExtension.swift */ = {isa = PBXFileReference; fileEncoding = 4; lastKnownFileType = sourcecode.swift; path = UIViewControllerExtension.swift; sourceTree = "<group>"; };
		EEF8E0001CB6FA3C0091317B /* Base */ = {isa = PBXFileReference; lastKnownFileType = file.storyboard; name = Base; path = Base.lproj/Main.storyboard; sourceTree = "<group>"; };
/* End PBXFileReference section */

/* Begin PBXFrameworksBuildPhase section */
		5FBB23671CADD3DB00F59715 /* Frameworks */ = {
			isa = PBXFrameworksBuildPhase;
			buildActionMask = 2147483647;
			files = (
				FD1489B717F4A769A962D10C /* Pods_EMILYlingo.framework in Frameworks */,
			);
			runOnlyForDeploymentPostprocessing = 0;
		};
		5FBB237E1CADD3DC00F59715 /* Frameworks */ = {
			isa = PBXFrameworksBuildPhase;
			buildActionMask = 2147483647;
			files = (
			);
			runOnlyForDeploymentPostprocessing = 0;
		};
		5FBB23891CADD3DC00F59715 /* Frameworks */ = {
			isa = PBXFrameworksBuildPhase;
			buildActionMask = 2147483647;
			files = (
			);
			runOnlyForDeploymentPostprocessing = 0;
		};
/* End PBXFrameworksBuildPhase section */

/* Begin PBXGroup section */
		5F9EE9311CB3765600D1A925 /* Views */ = {
			isa = PBXGroup;
			children = (
				EEF8DFFF1CB6FA3C0091317B /* Main.storyboard */,
				5FBB23791CADD3DC00F59715 /* LaunchScreen.storyboard */,
				5F9EE9321CB376B000D1A925 /* PhrasesCell.swift */,
			);
			name = Views;
			sourceTree = "<group>";
		};
		5F9EE9341CB377E400D1A925 /* Controllers */ = {
			isa = PBXGroup;
			children = (
				5FBB236F1CADD3DB00F59715 /* ViewController.swift */,
				5F9EE9351CB3782F00D1A925 /* PhrasesViewController.swift */,
				EE2FA05A1CBEE18B00710594 /* LeftViewController.swift */,
			);
			name = Controllers;
			sourceTree = "<group>";
		};
		5F9EE9371CB379EA00D1A925 /* Model */ = {
			isa = PBXGroup;
			children = (
				5F9EE9381CB37A8200D1A925 /* Phrases.swift */,
			);
			name = Model;
			sourceTree = "<group>";
		};
		5FBB23611CADD3DB00F59715 = {
			isa = PBXGroup;
			children = (
				5FBB236C1CADD3DB00F59715 /* EMILYlingo */,
				E6C2A2C01CB0933E00E3C142 /* Assets */,
				5FBB23841CADD3DC00F59715 /* EMILYlingoTests */,
				5FBB238F1CADD3DC00F59715 /* EMILYlingoUITests */,
				5FBB236B1CADD3DB00F59715 /* Products */,
				8940D00982B3776065DC4CA4 /* Pods */,
				860A7D5A2E85D663E18F5841 /* Frameworks */,
			);
			sourceTree = "<group>";
		};
		5FBB236B1CADD3DB00F59715 /* Products */ = {
			isa = PBXGroup;
			children = (
				5FBB236A1CADD3DB00F59715 /* EMILYlingo.app */,
				5FBB23811CADD3DC00F59715 /* EMILYlingoTests.xctest */,
				5FBB238C1CADD3DC00F59715 /* EMILYlingoUITests.xctest */,
			);
			name = Products;
			sourceTree = "<group>";
		};
		5FBB236C1CADD3DB00F59715 /* EMILYlingo */ = {
			isa = PBXGroup;
			children = (
				EE2FA0641CBEF34600710594 /* Extensions */,
				5F9EE9371CB379EA00D1A925 /* Model */,
				5F9EE9341CB377E400D1A925 /* Controllers */,
				5F9EE9311CB3765600D1A925 /* Views */,
				5FBB236D1CADD3DB00F59715 /* AppDelegate.swift */,
				5FBB23771CADD3DB00F59715 /* Assets.xcassets */,
				5FBB237C1CADD3DC00F59715 /* Info.plist */,
				5FBB23741CADD3DB00F59715 /* EMILYlingo.xcdatamodeld */,
				5FBB9A6A1CADDCA200673D84 /* EMILYlingo-Bridging-Header.h */,
				E6C2A2C11CB0934900E3C142 /* RecordingOn.png */,
				E6C2A2C21CB0934900E3C142 /* RecordOff.png */,
			);
			path = EMILYlingo;
			sourceTree = "<group>";
		};
		5FBB23841CADD3DC00F59715 /* EMILYlingoTests */ = {
			isa = PBXGroup;
			children = (
				5FBB23851CADD3DC00F59715 /* EMILYlingoTests.swift */,
				5FBB23871CADD3DC00F59715 /* Info.plist */,
			);
			path = EMILYlingoTests;
			sourceTree = "<group>";
		};
		5FBB238F1CADD3DC00F59715 /* EMILYlingoUITests */ = {
			isa = PBXGroup;
			children = (
				5FBB23901CADD3DC00F59715 /* EMILYlingoUITests.swift */,
				5FBB23921CADD3DC00F59715 /* Info.plist */,
			);
			path = EMILYlingoUITests;
			sourceTree = "<group>";
		};
		860A7D5A2E85D663E18F5841 /* Frameworks */ = {
			isa = PBXGroup;
			children = (
				1876B29EC9C27F86E3CF2BD2 /* Pods_EMILYlingo.framework */,
			);
			name = Frameworks;
			sourceTree = "<group>";
		};
		8940D00982B3776065DC4CA4 /* Pods */ = {
			isa = PBXGroup;
			children = (
				101333F1ADA8B41DA1DFD9C3 /* Pods-EMILYlingo.debug.xcconfig */,
				AB3020E61C59B24E2A80E79E /* Pods-EMILYlingo.release.xcconfig */,
			);
			name = Pods;
			sourceTree = "<group>";
		};
		E6C2A2C01CB0933E00E3C142 /* Assets */ = {
			isa = PBXGroup;
			children = (
			);
			name = Assets;
			path = EMILYlingo;
			sourceTree = "<group>";
		};
		EE2FA0641CBEF34600710594 /* Extensions */ = {
			isa = PBXGroup;
			children = (
				EE2FA05E1CBEF22300710594 /* StringExtension.swift */,
				EE2FA05F1CBEF22300710594 /* UITableViewExtension.swift */,
				EE2FA0601CBEF22300710594 /* UIViewControllerExtension.swift */,
			);
			name = Extensions;
			sourceTree = "<group>";
		};
/* End PBXGroup section */

/* Begin PBXNativeTarget section */
		5FBB23691CADD3DB00F59715 /* EMILYlingo */ = {
			isa = PBXNativeTarget;
			buildConfigurationList = 5FBB23951CADD3DC00F59715 /* Build configuration list for PBXNativeTarget "EMILYlingo" */;
			buildPhases = (
				3E2C8DC3BD8DCC9716A80654 /* Check Pods Manifest.lock */,
				5FBB23661CADD3DB00F59715 /* Sources */,
				5FBB23671CADD3DB00F59715 /* Frameworks */,
				5FBB23681CADD3DB00F59715 /* Resources */,
				B00DCACF92A92977D0C3F871 /* Embed Pods Frameworks */,
				3CDE89934A860855E4204E85 /* Copy Pods Resources */,
			);
			buildRules = (
			);
			dependencies = (
			);
			name = EMILYlingo;
			productName = EMILYlingo;
			productReference = 5FBB236A1CADD3DB00F59715 /* EMILYlingo.app */;
			productType = "com.apple.product-type.application";
		};
		5FBB23801CADD3DC00F59715 /* EMILYlingoTests */ = {
			isa = PBXNativeTarget;
			buildConfigurationList = 5FBB23981CADD3DC00F59715 /* Build configuration list for PBXNativeTarget "EMILYlingoTests" */;
			buildPhases = (
				5FBB237D1CADD3DC00F59715 /* Sources */,
				5FBB237E1CADD3DC00F59715 /* Frameworks */,
				5FBB237F1CADD3DC00F59715 /* Resources */,
			);
			buildRules = (
			);
			dependencies = (
				5FBB23831CADD3DC00F59715 /* PBXTargetDependency */,
			);
			name = EMILYlingoTests;
			productName = EMILYlingoTests;
			productReference = 5FBB23811CADD3DC00F59715 /* EMILYlingoTests.xctest */;
			productType = "com.apple.product-type.bundle.unit-test";
		};
		5FBB238B1CADD3DC00F59715 /* EMILYlingoUITests */ = {
			isa = PBXNativeTarget;
			buildConfigurationList = 5FBB239B1CADD3DC00F59715 /* Build configuration list for PBXNativeTarget "EMILYlingoUITests" */;
			buildPhases = (
				5FBB23881CADD3DC00F59715 /* Sources */,
				5FBB23891CADD3DC00F59715 /* Frameworks */,
				5FBB238A1CADD3DC00F59715 /* Resources */,
			);
			buildRules = (
			);
			dependencies = (
				5FBB238E1CADD3DC00F59715 /* PBXTargetDependency */,
			);
			name = EMILYlingoUITests;
			productName = EMILYlingoUITests;
			productReference = 5FBB238C1CADD3DC00F59715 /* EMILYlingoUITests.xctest */;
			productType = "com.apple.product-type.bundle.ui-testing";
		};
/* End PBXNativeTarget section */

/* Begin PBXProject section */
		5FBB23621CADD3DB00F59715 /* Project object */ = {
			isa = PBXProject;
			attributes = {
				LastSwiftUpdateCheck = 0720;
				LastUpgradeCheck = 0720;
				ORGANIZATIONNAME = EMILYlingo;
				TargetAttributes = {
					5FBB23691CADD3DB00F59715 = {
						CreatedOnToolsVersion = 7.2.1;
						DevelopmentTeam = F5BULQZ9SH;
					};
					5FBB23801CADD3DC00F59715 = {
						CreatedOnToolsVersion = 7.2.1;
						DevelopmentTeam = 2Y5276U3HZ;
						TestTargetID = 5FBB23691CADD3DB00F59715;
					};
					5FBB238B1CADD3DC00F59715 = {
						CreatedOnToolsVersion = 7.2.1;
						DevelopmentTeam = 2Y5276U3HZ;
						TestTargetID = 5FBB23691CADD3DB00F59715;
					};
				};
			};
			buildConfigurationList = 5FBB23651CADD3DB00F59715 /* Build configuration list for PBXProject "EMILYlingo" */;
			compatibilityVersion = "Xcode 3.2";
			developmentRegion = English;
			hasScannedForEncodings = 0;
			knownRegions = (
				en,
				Base,
			);
			mainGroup = 5FBB23611CADD3DB00F59715;
			productRefGroup = 5FBB236B1CADD3DB00F59715 /* Products */;
			projectDirPath = "";
			projectRoot = "";
			targets = (
				5FBB23691CADD3DB00F59715 /* EMILYlingo */,
				5FBB23801CADD3DC00F59715 /* EMILYlingoTests */,
				5FBB238B1CADD3DC00F59715 /* EMILYlingoUITests */,
			);
		};
/* End PBXProject section */

/* Begin PBXResourcesBuildPhase section */
		5FBB23681CADD3DB00F59715 /* Resources */ = {
			isa = PBXResourcesBuildPhase;
			buildActionMask = 2147483647;
			files = (
				E6C2A2C41CB0934900E3C142 /* RecordOff.png in Resources */,
				EEF8E0011CB6FA3C0091317B /* Main.storyboard in Resources */,
				E6C2A2C31CB0934900E3C142 /* RecordingOn.png in Resources */,
				5FBB237B1CADD3DC00F59715 /* LaunchScreen.storyboard in Resources */,
				5FBB23781CADD3DB00F59715 /* Assets.xcassets in Resources */,
			);
			runOnlyForDeploymentPostprocessing = 0;
		};
		5FBB237F1CADD3DC00F59715 /* Resources */ = {
			isa = PBXResourcesBuildPhase;
			buildActionMask = 2147483647;
			files = (
			);
			runOnlyForDeploymentPostprocessing = 0;
		};
		5FBB238A1CADD3DC00F59715 /* Resources */ = {
			isa = PBXResourcesBuildPhase;
			buildActionMask = 2147483647;
			files = (
			);
			runOnlyForDeploymentPostprocessing = 0;
		};
/* End PBXResourcesBuildPhase section */

/* Begin PBXShellScriptBuildPhase section */
		3CDE89934A860855E4204E85 /* Copy Pods Resources */ = {
			isa = PBXShellScriptBuildPhase;
			buildActionMask = 2147483647;
			files = (
			);
			inputPaths = (
			);
			name = "Copy Pods Resources";
			outputPaths = (
			);
			runOnlyForDeploymentPostprocessing = 0;
			shellPath = /bin/sh;
			shellScript = "\"${SRCROOT}/Pods/Target Support Files/Pods-EMILYlingo/Pods-EMILYlingo-resources.sh\"\n";
			showEnvVarsInLog = 0;
		};
		3E2C8DC3BD8DCC9716A80654 /* Check Pods Manifest.lock */ = {
			isa = PBXShellScriptBuildPhase;
			buildActionMask = 2147483647;
			files = (
			);
			inputPaths = (
			);
			name = "Check Pods Manifest.lock";
			outputPaths = (
			);
			runOnlyForDeploymentPostprocessing = 0;
			shellPath = /bin/sh;
			shellScript = "diff \"${PODS_ROOT}/../Podfile.lock\" \"${PODS_ROOT}/Manifest.lock\" > /dev/null\nif [[ $? != 0 ]] ; then\n    cat << EOM\nerror: The sandbox is not in sync with the Podfile.lock. Run 'pod install' or update your CocoaPods installation.\nEOM\n    exit 1\nfi\n";
			showEnvVarsInLog = 0;
		};
		B00DCACF92A92977D0C3F871 /* Embed Pods Frameworks */ = {
			isa = PBXShellScriptBuildPhase;
			buildActionMask = 2147483647;
			files = (
			);
			inputPaths = (
			);
			name = "Embed Pods Frameworks";
			outputPaths = (
			);
			runOnlyForDeploymentPostprocessing = 0;
			shellPath = /bin/sh;
			shellScript = "\"${SRCROOT}/Pods/Target Support Files/Pods-EMILYlingo/Pods-EMILYlingo-frameworks.sh\"\n";
			showEnvVarsInLog = 0;
		};
/* End PBXShellScriptBuildPhase section */

/* Begin PBXSourcesBuildPhase section */
		5FBB23661CADD3DB00F59715 /* Sources */ = {
			isa = PBXSourcesBuildPhase;
			buildActionMask = 2147483647;
			files = (
				5F9EE9391CB37A8200D1A925 /* Phrases.swift in Sources */,
				5FBB23761CADD3DB00F59715 /* EMILYlingo.xcdatamodeld in Sources */,
				EE2FA0631CBEF22300710594 /* UIViewControllerExtension.swift in Sources */,
				5FBB23701CADD3DB00F59715 /* ViewController.swift in Sources */,
				5F9EE9361CB3782F00D1A925 /* PhrasesViewController.swift in Sources */,
				EE2FA0611CBEF22300710594 /* StringExtension.swift in Sources */,
				5F9EE9331CB376B000D1A925 /* PhrasesCell.swift in Sources */,
				EE2FA0621CBEF22300710594 /* UITableViewExtension.swift in Sources */,
				EE2FA05B1CBEE18B00710594 /* LeftViewController.swift in Sources */,
				5FBB236E1CADD3DB00F59715 /* AppDelegate.swift in Sources */,
			);
			runOnlyForDeploymentPostprocessing = 0;
		};
		5FBB237D1CADD3DC00F59715 /* Sources */ = {
			isa = PBXSourcesBuildPhase;
			buildActionMask = 2147483647;
			files = (
				5FBB23861CADD3DC00F59715 /* EMILYlingoTests.swift in Sources */,
			);
			runOnlyForDeploymentPostprocessing = 0;
		};
		5FBB23881CADD3DC00F59715 /* Sources */ = {
			isa = PBXSourcesBuildPhase;
			buildActionMask = 2147483647;
			files = (
				5FBB23911CADD3DC00F59715 /* EMILYlingoUITests.swift in Sources */,
			);
			runOnlyForDeploymentPostprocessing = 0;
		};
/* End PBXSourcesBuildPhase section */

/* Begin PBXTargetDependency section */
		5FBB23831CADD3DC00F59715 /* PBXTargetDependency */ = {
			isa = PBXTargetDependency;
			target = 5FBB23691CADD3DB00F59715 /* EMILYlingo */;
			targetProxy = 5FBB23821CADD3DC00F59715 /* PBXContainerItemProxy */;
		};
		5FBB238E1CADD3DC00F59715 /* PBXTargetDependency */ = {
			isa = PBXTargetDependency;
			target = 5FBB23691CADD3DB00F59715 /* EMILYlingo */;
			targetProxy = 5FBB238D1CADD3DC00F59715 /* PBXContainerItemProxy */;
		};
/* End PBXTargetDependency section */

/* Begin PBXVariantGroup section */
		5FBB23791CADD3DC00F59715 /* LaunchScreen.storyboard */ = {
			isa = PBXVariantGroup;
			children = (
				5FBB237A1CADD3DC00F59715 /* Base */,
			);
			name = LaunchScreen.storyboard;
			sourceTree = "<group>";
		};
		EEF8DFFF1CB6FA3C0091317B /* Main.storyboard */ = {
			isa = PBXVariantGroup;
			children = (
				EEF8E0001CB6FA3C0091317B /* Base */,
			);
			name = Main.storyboard;
			sourceTree = "<group>";
		};
/* End PBXVariantGroup section */

/* Begin XCBuildConfiguration section */
		5FBB23931CADD3DC00F59715 /* Debug */ = {
			isa = XCBuildConfiguration;
			buildSettings = {
				ALWAYS_SEARCH_USER_PATHS = NO;
				CLANG_CXX_LANGUAGE_STANDARD = "gnu++0x";
				CLANG_CXX_LIBRARY = "libc++";
				CLANG_ENABLE_MODULES = YES;
				CLANG_ENABLE_OBJC_ARC = YES;
				CLANG_WARN_BOOL_CONVERSION = YES;
				CLANG_WARN_CONSTANT_CONVERSION = YES;
				CLANG_WARN_DIRECT_OBJC_ISA_USAGE = YES_ERROR;
				CLANG_WARN_EMPTY_BODY = YES;
				CLANG_WARN_ENUM_CONVERSION = YES;
				CLANG_WARN_INT_CONVERSION = YES;
				CLANG_WARN_OBJC_ROOT_CLASS = YES_ERROR;
				CLANG_WARN_UNREACHABLE_CODE = YES;
				CLANG_WARN__DUPLICATE_METHOD_MATCH = YES;
				"CODE_SIGN_IDENTITY[sdk=iphoneos*]" = "iPhone Developer";
				COPY_PHASE_STRIP = NO;
				DEBUG_INFORMATION_FORMAT = dwarf;
				ENABLE_STRICT_OBJC_MSGSEND = YES;
				ENABLE_TESTABILITY = YES;
				GCC_C_LANGUAGE_STANDARD = gnu99;
				GCC_DYNAMIC_NO_PIC = NO;
				GCC_NO_COMMON_BLOCKS = YES;
				GCC_OPTIMIZATION_LEVEL = 0;
				GCC_PREPROCESSOR_DEFINITIONS = (
					"DEBUG=1",
					"$(inherited)",
				);
				GCC_WARN_64_TO_32_BIT_CONVERSION = YES;
				GCC_WARN_ABOUT_RETURN_TYPE = YES_ERROR;
				GCC_WARN_UNDECLARED_SELECTOR = YES;
				GCC_WARN_UNINITIALIZED_AUTOS = YES_AGGRESSIVE;
				GCC_WARN_UNUSED_FUNCTION = YES;
				GCC_WARN_UNUSED_VARIABLE = YES;
				IPHONEOS_DEPLOYMENT_TARGET = 9.2;
				MTL_ENABLE_DEBUG_INFO = YES;
				ONLY_ACTIVE_ARCH = YES;
				SDKROOT = iphoneos;
				SWIFT_OPTIMIZATION_LEVEL = "-Onone";
			};
			name = Debug;
		};
		5FBB23941CADD3DC00F59715 /* Release */ = {
			isa = XCBuildConfiguration;
			buildSettings = {
				ALWAYS_SEARCH_USER_PATHS = NO;
				CLANG_CXX_LANGUAGE_STANDARD = "gnu++0x";
				CLANG_CXX_LIBRARY = "libc++";
				CLANG_ENABLE_MODULES = YES;
				CLANG_ENABLE_OBJC_ARC = YES;
				CLANG_WARN_BOOL_CONVERSION = YES;
				CLANG_WARN_CONSTANT_CONVERSION = YES;
				CLANG_WARN_DIRECT_OBJC_ISA_USAGE = YES_ERROR;
				CLANG_WARN_EMPTY_BODY = YES;
				CLANG_WARN_ENUM_CONVERSION = YES;
				CLANG_WARN_INT_CONVERSION = YES;
				CLANG_WARN_OBJC_ROOT_CLASS = YES_ERROR;
				CLANG_WARN_UNREACHABLE_CODE = YES;
				CLANG_WARN__DUPLICATE_METHOD_MATCH = YES;
				"CODE_SIGN_IDENTITY[sdk=iphoneos*]" = "iPhone Developer";
				COPY_PHASE_STRIP = NO;
				DEBUG_INFORMATION_FORMAT = "dwarf-with-dsym";
				ENABLE_NS_ASSERTIONS = NO;
				ENABLE_STRICT_OBJC_MSGSEND = YES;
				GCC_C_LANGUAGE_STANDARD = gnu99;
				GCC_NO_COMMON_BLOCKS = YES;
				GCC_WARN_64_TO_32_BIT_CONVERSION = YES;
				GCC_WARN_ABOUT_RETURN_TYPE = YES_ERROR;
				GCC_WARN_UNDECLARED_SELECTOR = YES;
				GCC_WARN_UNINITIALIZED_AUTOS = YES_AGGRESSIVE;
				GCC_WARN_UNUSED_FUNCTION = YES;
				GCC_WARN_UNUSED_VARIABLE = YES;
				IPHONEOS_DEPLOYMENT_TARGET = 9.2;
				MTL_ENABLE_DEBUG_INFO = NO;
				SDKROOT = iphoneos;
				VALIDATE_PRODUCT = YES;
			};
			name = Release;
		};
		5FBB23961CADD3DC00F59715 /* Debug */ = {
			isa = XCBuildConfiguration;
			baseConfigurationReference = 101333F1ADA8B41DA1DFD9C3 /* Pods-EMILYlingo.debug.xcconfig */;
			buildSettings = {
				ASSETCATALOG_COMPILER_APPICON_NAME = AppIcon;
				CODE_SIGN_IDENTITY = "iPhone Developer";
				"CODE_SIGN_IDENTITY[sdk=iphoneos*]" = "iPhone Developer";
				INFOPLIST_FILE = EMILYlingo/Info.plist;
				LD_RUNPATH_SEARCH_PATHS = "$(inherited) @executable_path/Frameworks";
				PRODUCT_BUNDLE_IDENTIFIER = com.EMILYlingo.EMILYlingo.mine;
				PRODUCT_NAME = "$(TARGET_NAME)";
				PROVISIONING_PROFILE = "";
				SWIFT_INSTALL_OBJC_HEADER = YES;
				SWIFT_OBJC_BRIDGING_HEADER = "./EMILYlingo/EMILYlingo-Bridging-Header.h";
			};
			name = Debug;
		};
		5FBB23971CADD3DC00F59715 /* Release */ = {
			isa = XCBuildConfiguration;
			baseConfigurationReference = AB3020E61C59B24E2A80E79E /* Pods-EMILYlingo.release.xcconfig */;
			buildSettings = {
				ASSETCATALOG_COMPILER_APPICON_NAME = AppIcon;
				CODE_SIGN_IDENTITY = "iPhone Developer";
				"CODE_SIGN_IDENTITY[sdk=iphoneos*]" = "iPhone Developer";
				INFOPLIST_FILE = EMILYlingo/Info.plist;
				LD_RUNPATH_SEARCH_PATHS = "$(inherited) @executable_path/Frameworks";
				PRODUCT_BUNDLE_IDENTIFIER = com.EMILYlingo.EMILYlingo.mine;
				PRODUCT_NAME = "$(TARGET_NAME)";
				PROVISIONING_PROFILE = "";
				SWIFT_INSTALL_OBJC_HEADER = YES;
				SWIFT_OBJC_BRIDGING_HEADER = "./EMILYlingo/EMILYlingo-Bridging-Header.h";
			};
			name = Release;
		};
		5FBB23991CADD3DC00F59715 /* Debug */ = {
			isa = XCBuildConfiguration;
			buildSettings = {
				BUNDLE_LOADER = "$(TEST_HOST)";
				INFOPLIST_FILE = EMILYlingoTests/Info.plist;
				LD_RUNPATH_SEARCH_PATHS = "$(inherited) @executable_path/Frameworks @loader_path/Frameworks";
				PRODUCT_BUNDLE_IDENTIFIER = com.EMILYlingo.EMILYlingoTests;
				PRODUCT_NAME = "$(TARGET_NAME)";
				TEST_HOST = "$(BUILT_PRODUCTS_DIR)/EMILYlingo.app/EMILYlingo";
			};
			name = Debug;
		};
		5FBB239A1CADD3DC00F59715 /* Release */ = {
			isa = XCBuildConfiguration;
			buildSettings = {
				BUNDLE_LOADER = "$(TEST_HOST)";
				INFOPLIST_FILE = EMILYlingoTests/Info.plist;
				LD_RUNPATH_SEARCH_PATHS = "$(inherited) @executable_path/Frameworks @loader_path/Frameworks";
				PRODUCT_BUNDLE_IDENTIFIER = com.EMILYlingo.EMILYlingoTests;
				PRODUCT_NAME = "$(TARGET_NAME)";
				TEST_HOST = "$(BUILT_PRODUCTS_DIR)/EMILYlingo.app/EMILYlingo";
			};
			name = Release;
		};
		5FBB239C1CADD3DC00F59715 /* Debug */ = {
			isa = XCBuildConfiguration;
			buildSettings = {
				INFOPLIST_FILE = EMILYlingoUITests/Info.plist;
				LD_RUNPATH_SEARCH_PATHS = "$(inherited) @executable_path/Frameworks @loader_path/Frameworks";
				PRODUCT_BUNDLE_IDENTIFIER = com.EMILYlingo.EMILYlingoUITests;
				PRODUCT_NAME = "$(TARGET_NAME)";
				TEST_TARGET_NAME = EMILYlingo;
				USES_XCTRUNNER = YES;
			};
			name = Debug;
		};
		5FBB239D1CADD3DC00F59715 /* Release */ = {
			isa = XCBuildConfiguration;
			buildSettings = {
				INFOPLIST_FILE = EMILYlingoUITests/Info.plist;
				LD_RUNPATH_SEARCH_PATHS = "$(inherited) @executable_path/Frameworks @loader_path/Frameworks";
				PRODUCT_BUNDLE_IDENTIFIER = com.EMILYlingo.EMILYlingoUITests;
				PRODUCT_NAME = "$(TARGET_NAME)";
				TEST_TARGET_NAME = EMILYlingo;
				USES_XCTRUNNER = YES;
			};
			name = Release;
		};
/* End XCBuildConfiguration section */

/* Begin XCConfigurationList section */
		5FBB23651CADD3DB00F59715 /* Build configuration list for PBXProject "EMILYlingo" */ = {
			isa = XCConfigurationList;
			buildConfigurations = (
				5FBB23931CADD3DC00F59715 /* Debug */,
				5FBB23941CADD3DC00F59715 /* Release */,
			);
			defaultConfigurationIsVisible = 0;
			defaultConfigurationName = Release;
		};
		5FBB23951CADD3DC00F59715 /* Build configuration list for PBXNativeTarget "EMILYlingo" */ = {
			isa = XCConfigurationList;
			buildConfigurations = (
				5FBB23961CADD3DC00F59715 /* Debug */,
				5FBB23971CADD3DC00F59715 /* Release */,
			);
			defaultConfigurationIsVisible = 0;
			defaultConfigurationName = Release;
		};
		5FBB23981CADD3DC00F59715 /* Build configuration list for PBXNativeTarget "EMILYlingoTests" */ = {
			isa = XCConfigurationList;
			buildConfigurations = (
				5FBB23991CADD3DC00F59715 /* Debug */,
				5FBB239A1CADD3DC00F59715 /* Release */,
			);
			defaultConfigurationIsVisible = 0;
			defaultConfigurationName = Release;
		};
		5FBB239B1CADD3DC00F59715 /* Build configuration list for PBXNativeTarget "EMILYlingoUITests" */ = {
			isa = XCConfigurationList;
			buildConfigurations = (
				5FBB239C1CADD3DC00F59715 /* Debug */,
				5FBB239D1CADD3DC00F59715 /* Release */,
			);
			defaultConfigurationIsVisible = 0;
			defaultConfigurationName = Release;
		};
/* End XCConfigurationList section */

/* Begin XCVersionGroup section */
		5FBB23741CADD3DB00F59715 /* EMILYlingo.xcdatamodeld */ = {
			isa = XCVersionGroup;
			children = (
				5FBB23751CADD3DB00F59715 /* EMILYlingo.xcdatamodel */,
			);
			currentVersion = 5FBB23751CADD3DB00F59715 /* EMILYlingo.xcdatamodel */;
			path = EMILYlingo.xcdatamodeld;
			sourceTree = "<group>";
			versionGroupType = wrapper.xcdatamodel;
		};
/* End XCVersionGroup section */
	};
	rootObject = 5FBB23621CADD3DB00F59715 /* Project object */;
}
